
Microsoft Visual Studio Solution File, Format Version 12.00
# Visual Studio 15
VisualStudioVersion = 15.0.27004.2005
MinimumVisualStudioVersion = 10.0.40219.1
Project("{FAE04EC0-301F-11D3-BF4B-00C04F79EFBC}") = "PatternMatch", "PatternMatch\PatternMatch.csproj", "{CC920342-9208-47B3-8DE6-759731CC0F73}"
EndProject
Project("{FAE04EC0-301F-11D3-BF4B-00C04F79EFBC}") = "UnitTestProject1", "UnitTestProject1\UnitTestProject1.csproj", "{67CD91C1-86B0-4906-AA2F-CF7B119FBDE0}"
EndProject
Global
	GlobalSection(SolutionConfigurationPlatforms) = preSolution
		Debug|Any CPU = Debug|Any CPU
		Release|Any CPU = Release|Any CPU
	EndGlobalSection
	GlobalSection(ProjectConfigurationPlatforms) = postSolution
		{CC920342-9208-47B3-8DE6-759731CC0F73}.Debug|Any CPU.ActiveCfg = Debug|Any CPU
		{CC920342-9208-47B3-8DE6-759731CC0F73}.Debug|Any CPU.Build.0 = Debug|Any CPU
		{CC920342-9208-47B3-8DE6-759731CC0F73}.Release|Any CPU.ActiveCfg = Release|Any CPU
		{CC920342-9208-47B3-8DE6-759731CC0F73}.Release|Any CPU.Build.0 = Release|Any CPU
		{67CD91C1-86B0-4906-AA2F-CF7B119FBDE0}.Debug|Any CPU.ActiveCfg = Debug|Any CPU
		{67CD91C1-86B0-4906-AA2F-CF7B119FBDE0}.Debug|Any CPU.Build.0 = Debug|Any CPU
		{67CD91C1-86B0-4906-AA2F-CF7B119FBDE0}.Release|Any CPU.ActiveCfg = Release|Any CPU
		{67CD91C1-86B0-4906-AA2F-CF7B119FBDE0}.Release|Any CPU.Build.0 = Release|Any CPU
	EndGlobalSection
	GlobalSection(SolutionProperties) = preSolution
		HideSolutionNode = FALSE
	EndGlobalSection
	GlobalSection(ExtensibilityGlobals) = postSolution
		SolutionGuid = {B2C2715D-65AA-4568-A2D5-342EF9D592A6}
	EndGlobalSection
EndGlobal
